PODS:
  - RCPopoverView (0.1.0)

DEPENDENCIES:
  - RCPopoverView (~> 0.1.0)

SPEC REPOS:
  https://github.com/cocoapods/specs.git:
    - RCPopoverView

SPEC CHECKSUMS:
  RCPopoverView: d69310837a5d0d2a2268382aa1af20382d230ed3

PODFILE CHECKSUM: 06281dc0d5857f0155903463f11883d1d625f252

COCOAPODS: 1.5.3
